
Microsoft Visual Studio Solution File, Format Version 12.00
Project("{FAE04EC0-301F-11D3-BF4B-00C04F79EFBC}") = "UnlimitedMages", "UnlimitedMages\UnlimitedMages.csproj", "{CE7C1D89-2CF5-49BE-A6CE-256E0676FFEF}"
EndProject
Global
	GlobalSection(SolutionConfigurationPlatforms) = preSolution
		Debug|Any CPU = Debug|Any CPU
		Release|Any CPU = Release|Any CPU
	EndGlobalSection
	GlobalSection(ProjectConfigurationPlatforms) = postSolution
		{CE7C1D89-2CF5-49BE-A6CE-256E0676FFEF}.Debug|Any CPU.ActiveCfg = Debug|Any CPU
		{CE7C1D89-2CF5-49BE-A6CE-256E0676FFEF}.Debug|Any CPU.Build.0 = Debug|Any CPU
		{CE7C1D89-2CF5-49BE-A6CE-256E0676FFEF}.Release|Any CPU.ActiveCfg = Release|Any CPU
		{CE7C1D89-2CF5-49BE-A6CE-256E0676FFEF}.Release|Any CPU.Build.0 = Release|Any CPU
	EndGlobalSection
EndGlobal
